
Microsoft Visual Studio Solution File, Format Version 12.00
# Visual Studio 15
VisualStudioVersion = 15.0.27703.2000
MinimumVisualStudioVersion = 10.0.40219.1
Project("{FAE04EC0-301F-11D3-BF4B-00C04F79EFBC}") = "ChangeFeedSignalR", "ChangeFeedSignalR\ChangeFeedSignalR.csproj", "{AE0EB17D-6F29-4B59-B595-8C96CC8E2800}"
EndProject
Global
	GlobalSection(SolutionConfigurationPlatforms) = preSolution
		Debug|Any CPU = Debug|Any CPU
		Release|Any CPU = Release|Any CPU
	EndGlobalSection
	GlobalSection(ProjectConfigurationPlatforms) = postSolution
		{AE0EB17D-6F29-4B59-B595-8C96CC8E2800}.Debug|Any CPU.ActiveCfg = Debug|Any CPU
		{AE0EB17D-6F29-4B59-B595-8C96CC8E2800}.Debug|Any CPU.Build.0 = Debug|Any CPU
		{AE0EB17D-6F29-4B59-B595-8C96CC8E2800}.Release|Any CPU.ActiveCfg = Release|Any CPU
		{AE0EB17D-6F29-4B59-B595-8C96CC8E2800}.Release|Any CPU.Build.0 = Release|Any CPU
	EndGlobalSection
	GlobalSection(SolutionProperties) = preSolution
		HideSolutionNode = FALSE
	EndGlobalSection
	GlobalSection(ExtensibilityGlobals) = postSolution
		SolutionGuid = {B724E284-8673-4EC4-BB32-579589CAA82E}
	EndGlobalSection
EndGlobal
